schema: '2.0'
stages:
  load_data:
    cmd: python src/stage_01_load_save.py --config=config/config.yaml
    deps:
    - path: config/config.yaml
      md5: 9b19690a4ceb30943bc6a22de991b26d
      size: 284
    - path: src/stage_01_load_save.py
      md5: 3ac12607bab8ec90c2d892656e8443eb
      size: 1224
    - path: src/utils/all_utils.py
      md5: dcebbd612c06d6b601874d4f20e9039a
      size: 495
    outs:
    - path: artifacts\raw_local_dir\data.csv
      md5: 6a883fd98624e18c0b7ce251f4fab4fb
      size: 102551
  split_data:
    cmd: python src/stage_02_split_data.py --config=config/config.yaml --params=params.yaml
    deps:
    - path: config/config.yaml
      md5: 9b19690a4ceb30943bc6a22de991b26d
      size: 284
    - path: src/stage_02_split_data.py
      md5: cff16fe83d155292a3730f97fbe3aba4
      size: 1954
    - path: src/utils/all_utils.py
      md5: dcebbd612c06d6b601874d4f20e9039a
      size: 495
    params:
      params.yaml:
        base.random_state: 43
        base.test_size: 0.3
    outs:
    - path: artifacts\split_data_dir\test.csv
      md5: 64c9ebfc6a7c94aecefbfa3c69581116
      size: 29282
    - path: artifacts\split_data_dir\train.csv
      md5: b9af3b94a8091719b7fb39b9a304e68b
      size: 67487
